
Microsoft Visual Studio Solution File, Format Version 12.00
# Visual Studio 15
VisualStudioVersion = 15.0.28307.168
MinimumVisualStudioVersion = 10.0.40219.1
Project("{FAE04EC0-301F-11D3-BF4B-00C04F79EFBC}") = "Windows WOL Enabler", "WindowsWOL\Windows WOL Enabler.csproj", "{7EF9329A-58FB-4812-A21D-6D80ED2C0930}"
EndProject
Global
	GlobalSection(SolutionConfigurationPlatforms) = preSolution
		Debug|Any CPU = Debug|Any CPU
		Release|Any CPU = Release|Any CPU
	EndGlobalSection
	GlobalSection(ProjectConfigurationPlatforms) = postSolution
		{7EF9329A-58FB-4812-A21D-6D80ED2C0930}.Debug|Any CPU.ActiveCfg = Debug|Any CPU
		{7EF9329A-58FB-4812-A21D-6D80ED2C0930}.Debug|Any CPU.Build.0 = Debug|Any CPU
		{7EF9329A-58FB-4812-A21D-6D80ED2C0930}.Release|Any CPU.ActiveCfg = Release|Any CPU
		{7EF9329A-58FB-4812-A21D-6D80ED2C0930}.Release|Any CPU.Build.0 = Release|Any CPU
	EndGlobalSection
	GlobalSection(SolutionProperties) = preSolution
		HideSolutionNode = FALSE
	EndGlobalSection
	GlobalSection(ExtensibilityGlobals) = postSolution
		SolutionGuid = {0A66DD0B-8DB6-414A-A917-6B5F1FE727C0}
	EndGlobalSection
EndGlobal
